
Microsoft Visual Studio Solution File, Format Version 12.00
# Visual Studio 2012
Project("{FAE04EC0-301F-11D3-BF4B-00C04F79EFBC}") = "Ninokuni Script Importer", "Ninokuni Script Importer\Ninokuni Script Importer.csproj", "{2F31601A-6FC2-4635-B756-F70E579965EA}"
EndProject
Global
	GlobalSection(SolutionConfigurationPlatforms) = preSolution
		Debug|Any CPU = Debug|Any CPU
		Release|Any CPU = Release|Any CPU
	EndGlobalSection
	GlobalSection(ProjectConfigurationPlatforms) = postSolution
		{2F31601A-6FC2-4635-B756-F70E579965EA}.Debug|Any CPU.ActiveCfg = Debug|Any CPU
		{2F31601A-6FC2-4635-B756-F70E579965EA}.Debug|Any CPU.Build.0 = Debug|Any CPU
		{2F31601A-6FC2-4635-B756-F70E579965EA}.Release|Any CPU.ActiveCfg = Release|Any CPU
		{2F31601A-6FC2-4635-B756-F70E579965EA}.Release|Any CPU.Build.0 = Release|Any CPU
	EndGlobalSection
	GlobalSection(SolutionProperties) = preSolution
		HideSolutionNode = FALSE
	EndGlobalSection
EndGlobal
